
Microsoft Visual Studio Solution File, Format Version 12.00
# Visual Studio 14
VisualStudioVersion = 14.0.25420.1
MinimumVisualStudioVersion = 10.0.40219.1
Project("{8BC9CEB8-8B4A-11D0-8D11-00A0C91BC942}") = "Leetcode26_RemoveDuplicatesFromSortedArray", "Leetcode26_RemoveDuplicatesFromSortedArray\Leetcode26_RemoveDuplicatesFromSortedArray.vcxproj", "{0D09C89E-D1CA-4EC9-8723-9904201CB3BC}"
EndProject
Project("{8BC9CEB8-8B4A-11D0-8D11-00A0C91BC942}") = "Leetcode53_MaximumSubarray", "Leetcode53_MaximumSubarray\Leetcode53_MaximumSubarray.vcxproj", "{7908C81B-4B28-42C0-8E65-380AE047FC3B}"
EndProject
Project("{8BC9CEB8-8B4A-11D0-8D11-00A0C91BC942}") = "Leetcode88_MergeSortedArray", "Leetcode88_MergeSortedArray\Leetcode88_MergeSortedArray.vcxproj", "{EBAAC86F-2844-47D8-9987-B1186526B8AF}"
EndProject
Project("{8BC9CEB8-8B4A-11D0-8D11-00A0C91BC942}") = "Leetcode121_StockBuyAndSell", "Leetcode121_StockBuyAndSell\Leetcode121_StockBuyAndSell.vcxproj", "{10C6D844-62BC-4BAB-AF4B-FC1304D270C1}"
EndProject
Project("{8BC9CEB8-8B4A-11D0-8D11-00A0C91BC942}") = "Leetcode026_RemoveDuplicatesFromSortedArray", "Leetcode026_RemoveDuplicatesFromSortedArray\Leetcode026_RemoveDuplicatesFromSortedArray.vcxproj", "{CF932187-280C-4094-93A8-D37112B4BE20}"
EndProject
Project("{8BC9CEB8-8B4A-11D0-8D11-00A0C91BC942}") = "Leetcode053_MaximumSubarray", "Leetcode053_MaximumSubarray\Leetcode053_MaximumSubarray.vcxproj", "{9597F36D-2E45-4CD2-86BD-563786204EB7}"
EndProject
Project("{8BC9CEB8-8B4A-11D0-8D11-00A0C91BC942}") = "Leetcode088_MergeSortedArray", "Leetcode088_MergeSortedArray\Leetcode088_MergeSortedArray.vcxproj", "{450407D6-016D-46B3-B46D-C3D1BE88854D}"
EndProject
Project("{8BC9CEB8-8B4A-11D0-8D11-00A0C91BC942}") = "Leetcode122_StockBuyAndSell2", "Leetcode122_StockBuyAndSell2\Leetcode122_StockBuyAndSell2.vcxproj", "{C0BE65D1-6950-4994-8D73-D8A9967E551E}"
EndProject
Project("{8BC9CEB8-8B4A-11D0-8D11-00A0C91BC942}") = "Leetcode169_MajorityElement", "Leetcode169_MajorityElement\Leetcode169_MajorityElement.vcxproj", "{AE18017A-0BB5-4A6D-AC8E-62AFC27BA5BD}"
EndProject
Project("{8BC9CEB8-8B4A-11D0-8D11-00A0C91BC942}") = "Leetcode217_ContainsDuplicateElement", "Leetcode217_ContainsDuplicateElement\Leetcode217_ContainsDuplicateElement.vcxproj", "{65239419-E097-42A3-AABE-B4E4C9196325}"
EndProject
Project("{8BC9CEB8-8B4A-11D0-8D11-00A0C91BC942}") = "Leetcode011_ContainerWithMostWater", "Leetcode011_ContainerWithMostWater\Leetcode011_ContainerWithMostWater.vcxproj", "{1628BD6E-5454-4C28-A21E-DEF2DD51B647}"
EndProject
Project("{8BC9CEB8-8B4A-11D0-8D11-00A0C91BC942}") = "Leetcode015_ThreeSum", "Leetcode015_ThreeSum\Leetcode015_ThreeSum.vcxproj", "{32CE36E5-6850-4D7F-A351-9AC08312CFD5}"
EndProject
Project("{8BC9CEB8-8B4A-11D0-8D11-00A0C91BC942}") = "Leetcode016_ThreeSumClosest", "Leetcode016_ThreeSumClosest\Leetcode016_ThreeSumClosest.vcxproj", "{BD877914-20F1-41B8-A7A6-D592415ABC14}"
EndProject
Project("{8BC9CEB8-8B4A-11D0-8D11-00A0C91BC942}") = "Leetcode033_SearchInRotatedSortedArray", "Leetcode033_SearchInRotatedSortedArray\Leetcode033_SearchInRotatedSortedArray.vcxproj", "{0F7C8970-34FB-4BB1-9337-DD521B6971B7}"
EndProject
Project("{8BC9CEB8-8B4A-11D0-8D11-00A0C91BC942}") = "Leetcode054_SpiralMatrix", "Leetcode054_SpiralMatrix\Leetcode054_SpiralMatrix.vcxproj", "{4F043BE2-34A1-404F-9EFA-8A58E9D41143}"
EndProject
Project("{8BC9CEB8-8B4A-11D0-8D11-00A0C91BC942}") = "Leetcode059_SpiralMatrixII", "Leetcode059_SpiralMatrixII\Leetcode059_SpiralMatrixII.vcxproj", "{0BC81EA0-F0D1-493B-9722-C9E2171EC9F7}"
EndProject
Project("{8BC9CEB8-8B4A-11D0-8D11-00A0C91BC942}") = "Leetcode062_UniquePaths", "Leetcode062_UniquePaths\Leetcode062_UniquePaths.vcxproj", "{9BF541E9-6978-40E3-9A59-15EAB4EF3DF6}"
EndProject
Project("{8BC9CEB8-8B4A-11D0-8D11-00A0C91BC942}") = "Leetcode078_Subsets", "Leetcode078_Subsets\Leetcode078_Subsets.vcxproj", "{B42CB40D-BBFE-47CB-8F7F-AAAB24890AA3}"
EndProject
Project("{8BC9CEB8-8B4A-11D0-8D11-00A0C91BC942}") = "Leetcode238_ProductOfArrayExceptSelf", "Leetcode238_ProductOfArrayExceptSelf\Leetcode238_ProductOfArrayExceptSelf.vcxproj", "{401FF7D1-5AA0-4936-AE77-757B00B9AE36}"
EndProject
Project("{8BC9CEB8-8B4A-11D0-8D11-00A0C91BC942}") = "Leetcode005_LongestPalidromicSubstring", "Leetcode005_LongestPalidromicSubstring\Leetcode005_LongestPalidromicSubstring.vcxproj", "{37C01F1D-5639-4CA5-8F49-E2902AFF8071}"
EndProject
Project("{8BC9CEB8-8B4A-11D0-8D11-00A0C91BC942}") = "Leetcode009_PalindromeNumber", "Leetcode009_PalindromeNumber\Leetcode009_PalindromeNumber.vcxproj", "{3CD52C8F-6AC3-40BF-9089-15B9EB006F9F}"
EndProject
Project("{8BC9CEB8-8B4A-11D0-8D11-00A0C91BC942}") = "Leetcode070_ClimbingStairs", "Leetcode070_ClimbingStairs\Leetcode070_ClimbingStairs.vcxproj", "{B938788F-CF4C-4BBB-AEAC-6F178259777A}"
EndProject
Project("{8BC9CEB8-8B4A-11D0-8D11-00A0C91BC942}") = "Leetcode206_ReverseLinkedList", "Leetcode206_ReverseLinkedList\Leetcode206_ReverseLinkedList.vcxproj", "{04987A14-A1BD-4A0D-8BEC-377EBE0FA9D5}"
EndProject
Project("{8BC9CEB8-8B4A-11D0-8D11-00A0C91BC942}") = "Leetcode237_DeleteNodeInLinkedList", "Leetcode237_DeleteNodeInLinkedList\Leetcode237_DeleteNodeInLinkedList.vcxproj", "{B07200A0-AA89-4070-A8F9-0927AC3914CC}"
EndProject
Project("{8BC9CEB8-8B4A-11D0-8D11-00A0C91BC942}") = "Leetcode021_MergeTwoSortedLists", "Leetcode021_MergeTwoSortedLists\Leetcode021_MergeTwoSortedLists.vcxproj", "{C02958F7-6CB5-4BDC-A85A-DDF5424BFC6B}"
EndProject
Project("{8BC9CEB8-8B4A-11D0-8D11-00A0C91BC942}") = "Leetcode160_IntersectionOfTwoLinkedLists", "Leetcode160_IntersectionOfTwoLinkedLists\Leetcode160_IntersectionOfTwoLinkedLists.vcxproj", "{CB5ECEE0-0F7F-4644-86EB-9C39C0490C05}"
EndProject
Project("{8BC9CEB8-8B4A-11D0-8D11-00A0C91BC942}") = "Leetcode141_LinkedListCycle", "Leetcode141_LinkedListCycle\Leetcode141_LinkedListCycle.vcxproj", "{7DEEA697-383C-4C7E-B599-ECC65AA361B9}"
EndProject
Project("{8BC9CEB8-8B4A-11D0-8D11-00A0C91BC942}") = "Leetcode148_SortList", "Leetcode148_SortList\Leetcode148_SortList.vcxproj", "{D66F2BBD-A60E-4BE2-810C-1B8A9240B382}"
EndProject
Project("{8BC9CEB8-8B4A-11D0-8D11-00A0C91BC942}") = "Leetcode061_RotateList", "Leetcode061_RotateList\Leetcode061_RotateList.vcxproj", "{24ECF80A-18AA-4634-A380-FFAB15CC3666}"
EndProject
Project("{8BC9CEB8-8B4A-11D0-8D11-00A0C91BC942}") = "Leetcode142_LinkedListCycleII", "Leetcode142_LinkedListCycleII\Leetcode142_LinkedListCycleII.vcxproj", "{0A2F63E7-1CBB-4766-8509-396B4AC5681E}"
EndProject
Global
	GlobalSection(SolutionConfigurationPlatforms) = preSolution
		Debug|x64 = Debug|x64
		Debug|x86 = Debug|x86
		Release|x64 = Release|x64
		Release|x86 = Release|x86
	EndGlobalSection
	GlobalSection(ProjectConfigurationPlatforms) = postSolution
		{0D09C89E-D1CA-4EC9-8723-9904201CB3BC}.Debug|x64.ActiveCfg = Debug|x64
		{0D09C89E-D1CA-4EC9-8723-9904201CB3BC}.Debug|x64.Build.0 = Debug|x64
		{0D09C89E-D1CA-4EC9-8723-9904201CB3BC}.Debug|x86.ActiveCfg = Debug|Win32
		{0D09C89E-D1CA-4EC9-8723-9904201CB3BC}.Debug|x86.Build.0 = Debug|Win32
		{0D09C89E-D1CA-4EC9-8723-9904201CB3BC}.Release|x64.ActiveCfg = Release|x64
		{0D09C89E-D1CA-4EC9-8723-9904201CB3BC}.Release|x64.Build.0 = Release|x64
		{0D09C89E-D1CA-4EC9-8723-9904201CB3BC}.Release|x86.ActiveCfg = Release|Win32
		{0D09C89E-D1CA-4EC9-8723-9904201CB3BC}.Release|x86.Build.0 = Release|Win32
		{7908C81B-4B28-42C0-8E65-380AE047FC3B}.Debug|x64.ActiveCfg = Debug|x64
		{7908C81B-4B28-42C0-8E65-380AE047FC3B}.Debug|x64.Build.0 = Debug|x64
		{7908C81B-4B28-42C0-8E65-380AE047FC3B}.Debug|x86.ActiveCfg = Debug|Win32
		{7908C81B-4B28-42C0-8E65-380AE047FC3B}.Debug|x86.Build.0 = Debug|Win32
		{7908C81B-4B28-42C0-8E65-380AE047FC3B}.Release|x64.ActiveCfg = Release|x64
		{7908C81B-4B28-42C0-8E65-380AE047FC3B}.Release|x64.Build.0 = Release|x64
		{7908C81B-4B28-42C0-8E65-380AE047FC3B}.Release|x86.ActiveCfg = Release|Win32
		{7908C81B-4B28-42C0-8E65-380AE047FC3B}.Release|x86.Build.0 = Release|Win32
		{EBAAC86F-2844-47D8-9987-B1186526B8AF}.Debug|x64.ActiveCfg = Debug|x64
		{EBAAC86F-2844-47D8-9987-B1186526B8AF}.Debug|x64.Build.0 = Debug|x64
		{EBAAC86F-2844-47D8-9987-B1186526B8AF}.Debug|x86.ActiveCfg = Debug|Win32
		{EBAAC86F-2844-47D8-9987-B1186526B8AF}.Debug|x86.Build.0 = Debug|Win32
		{EBAAC86F-2844-47D8-9987-B1186526B8AF}.Release|x64.ActiveCfg = Release|x64
		{EBAAC86F-2844-47D8-9987-B1186526B8AF}.Release|x64.Build.0 = Release|x64
		{EBAAC86F-2844-47D8-9987-B1186526B8AF}.Release|x86.ActiveCfg = Release|Win32
		{EBAAC86F-2844-47D8-9987-B1186526B8AF}.Release|x86.Build.0 = Release|Win32
		{10C6D844-62BC-4BAB-AF4B-FC1304D270C1}.Debug|x64.ActiveCfg = Debug|x64
		{10C6D844-62BC-4BAB-AF4B-FC1304D270C1}.Debug|x64.Build.0 = Debug|x64
		{10C6D844-62BC-4BAB-AF4B-FC1304D270C1}.Debug|x86.ActiveCfg = Debug|Win32
		{10C6D844-62BC-4BAB-AF4B-FC1304D270C1}.Debug|x86.Build.0 = Debug|Win32
		{10C6D844-62BC-4BAB-AF4B-FC1304D270C1}.Release|x64.ActiveCfg = Release|x64
		{10C6D844-62BC-4BAB-AF4B-FC1304D270C1}.Release|x64.Build.0 = Release|x64
		{10C6D844-62BC-4BAB-AF4B-FC1304D270C1}.Release|x86.ActiveCfg = Release|Win32
		{10C6D844-62BC-4BAB-AF4B-FC1304D270C1}.Release|x86.Build.0 = Release|Win32
		{CF932187-280C-4094-93A8-D37112B4BE20}.Debug|x64.ActiveCfg = Debug|x64
		{CF932187-280C-4094-93A8-D37112B4BE20}.Debug|x64.Build.0 = Debug|x64
		{CF932187-280C-4094-93A8-D37112B4BE20}.Debug|x86.ActiveCfg = Debug|Win32
		{CF932187-280C-4094-93A8-D37112B4BE20}.Debug|x86.Build.0 = Debug|Win32
		{CF932187-280C-4094-93A8-D37112B4BE20}.Release|x64.ActiveCfg = Release|x64
		{CF932187-280C-4094-93A8-D37112B4BE20}.Release|x64.Build.0 = Release|x64
		{CF932187-280C-4094-93A8-D37112B4BE20}.Release|x86.ActiveCfg = Release|Win32
		{CF932187-280C-4094-93A8-D37112B4BE20}.Release|x86.Build.0 = Release|Win32
		{9597F36D-2E45-4CD2-86BD-563786204EB7}.Debug|x64.ActiveCfg = Debug|x64
		{9597F36D-2E45-4CD2-86BD-563786204EB7}.Debug|x64.Build.0 = Debug|x64
		{9597F36D-2E45-4CD2-86BD-563786204EB7}.Debug|x86.ActiveCfg = Debug|Win32
		{9597F36D-2E45-4CD2-86BD-563786204EB7}.Debug|x86.Build.0 = Debug|Win32
		{9597F36D-2E45-4CD2-86BD-563786204EB7}.Release|x64.ActiveCfg = Release|x64
		{9597F36D-2E45-4CD2-86BD-563786204EB7}.Release|x64.Build.0 = Release|x64
		{9597F36D-2E45-4CD2-86BD-563786204EB7}.Release|x86.ActiveCfg = Release|Win32
		{9597F36D-2E45-4CD2-86BD-563786204EB7}.Release|x86.Build.0 = Release|Win32
		{450407D6-016D-46B3-B46D-C3D1BE88854D}.Debug|x64.ActiveCfg = Debug|x64
		{450407D6-016D-46B3-B46D-C3D1BE88854D}.Debug|x64.Build.0 = Debug|x64
		{450407D6-016D-46B3-B46D-C3D1BE88854D}.Debug|x86.ActiveCfg = Debug|Win32
		{450407D6-016D-46B3-B46D-C3D1BE88854D}.Debug|x86.Build.0 = Debug|Win32
		{450407D6-016D-46B3-B46D-C3D1BE88854D}.Release|x64.ActiveCfg = Release|x64
		{450407D6-016D-46B3-B46D-C3D1BE88854D}.Release|x64.Build.0 = Release|x64
		{450407D6-016D-46B3-B46D-C3D1BE88854D}.Release|x86.ActiveCfg = Release|Win32
		{450407D6-016D-46B3-B46D-C3D1BE88854D}.Release|x86.Build.0 = Release|Win32
		{C0BE65D1-6950-4994-8D73-D8A9967E551E}.Debug|x64.ActiveCfg = Debug|x64
		{C0BE65D1-6950-4994-8D73-D8A9967E551E}.Debug|x64.Build.0 = Debug|x64
		{C0BE65D1-6950-4994-8D73-D8A9967E551E}.Debug|x86.ActiveCfg = Debug|Win32
		{C0BE65D1-6950-4994-8D73-D8A9967E551E}.Debug|x86.Build.0 = Debug|Win32
		{C0BE65D1-6950-4994-8D73-D8A9967E551E}.Release|x64.ActiveCfg = Release|x64
		{C0BE65D1-6950-4994-8D73-D8A9967E551E}.Release|x64.Build.0 = Release|x64
		{C0BE65D1-6950-4994-8D73-D8A9967E551E}.Release|x86.ActiveCfg = Release|Win32
		{C0BE65D1-6950-4994-8D73-D8A9967E551E}.Release|x86.Build.0 = Release|Win32
		{AE18017A-0BB5-4A6D-AC8E-62AFC27BA5BD}.Debug|x64.ActiveCfg = Debug|x64
		{AE18017A-0BB5-4A6D-AC8E-62AFC27BA5BD}.Debug|x64.Build.0 = Debug|x64
		{AE18017A-0BB5-4A6D-AC8E-62AFC27BA5BD}.Debug|x86.ActiveCfg = Debug|Win32
		{AE18017A-0BB5-4A6D-AC8E-62AFC27BA5BD}.Debug|x86.Build.0 = Debug|Win32
		{AE18017A-0BB5-4A6D-AC8E-62AFC27BA5BD}.Release|x64.ActiveCfg = Release|x64
		{AE18017A-0BB5-4A6D-AC8E-62AFC27BA5BD}.Release|x64.Build.0 = Release|x64
		{AE18017A-0BB5-4A6D-AC8E-62AFC27BA5BD}.Release|x86.ActiveCfg = Release|Win32
		{AE18017A-0BB5-4A6D-AC8E-62AFC27BA5BD}.Release|x86.Build.0 = Release|Win32
		{65239419-E097-42A3-AABE-B4E4C9196325}.Debug|x64.ActiveCfg = Debug|x64
		{65239419-E097-42A3-AABE-B4E4C9196325}.Debug|x64.Build.0 = Debug|x64
		{65239419-E097-42A3-AABE-B4E4C9196325}.Debug|x86.ActiveCfg = Debug|Win32
		{65239419-E097-42A3-AABE-B4E4C9196325}.Debug|x86.Build.0 = Debug|Win32
		{65239419-E097-42A3-AABE-B4E4C9196325}.Release|x64.ActiveCfg = Release|x64
		{65239419-E097-42A3-AABE-B4E4C9196325}.Release|x64.Build.0 = Release|x64
		{65239419-E097-42A3-AABE-B4E4C9196325}.Release|x86.ActiveCfg = Release|Win32
		{65239419-E097-42A3-AABE-B4E4C9196325}.Release|x86.Build.0 = Release|Win32
		{1628BD6E-5454-4C28-A21E-DEF2DD51B647}.Debug|x64.ActiveCfg = Debug|x64
		{1628BD6E-5454-4C28-A21E-DEF2DD51B647}.Debug|x64.Build.0 = Debug|x64
		{1628BD6E-5454-4C28-A21E-DEF2DD51B647}.Debug|x86.ActiveCfg = Debug|Win32
		{1628BD6E-5454-4C28-A21E-DEF2DD51B647}.Debug|x86.Build.0 = Debug|Win32
		{1628BD6E-5454-4C28-A21E-DEF2DD51B647}.Release|x64.ActiveCfg = Release|x64
		{1628BD6E-5454-4C28-A21E-DEF2DD51B647}.Release|x64.Build.0 = Release|x64
		{1628BD6E-5454-4C28-A21E-DEF2DD51B647}.Release|x86.ActiveCfg = Release|Win32
		{1628BD6E-5454-4C28-A21E-DEF2DD51B647}.Release|x86.Build.0 = Release|Win32
		{32CE36E5-6850-4D7F-A351-9AC08312CFD5}.Debug|x64.ActiveCfg = Debug|x64
		{32CE36E5-6850-4D7F-A351-9AC08312CFD5}.Debug|x64.Build.0 = Debug|x64
		{32CE36E5-6850-4D7F-A351-9AC08312CFD5}.Debug|x86.ActiveCfg = Debug|Win32
		{32CE36E5-6850-4D7F-A351-9AC08312CFD5}.Debug|x86.Build.0 = Debug|Win32
		{32CE36E5-6850-4D7F-A351-9AC08312CFD5}.Release|x64.ActiveCfg = Release|x64
		{32CE36E5-6850-4D7F-A351-9AC08312CFD5}.Release|x64.Build.0 = Release|x64
		{32CE36E5-6850-4D7F-A351-9AC08312CFD5}.Release|x86.ActiveCfg = Release|Win32
		{32CE36E5-6850-4D7F-A351-9AC08312CFD5}.Release|x86.Build.0 = Release|Win32
		{BD877914-20F1-41B8-A7A6-D592415ABC14}.Debug|x64.ActiveCfg = Debug|x64
		{BD877914-20F1-41B8-A7A6-D592415ABC14}.Debug|x64.Build.0 = Debug|x64
		{BD877914-20F1-41B8-A7A6-D592415ABC14}.Debug|x86.ActiveCfg = Debug|Win32
		{BD877914-20F1-41B8-A7A6-D592415ABC14}.Debug|x86.Build.0 = Debug|Win32
		{BD877914-20F1-41B8-A7A6-D592415ABC14}.Release|x64.ActiveCfg = Release|x64
		{BD877914-20F1-41B8-A7A6-D592415ABC14}.Release|x64.Build.0 = Release|x64
		{BD877914-20F1-41B8-A7A6-D592415ABC14}.Release|x86.ActiveCfg = Release|Win32
		{BD877914-20F1-41B8-A7A6-D592415ABC14}.Release|x86.Build.0 = Release|Win32
		{0F7C8970-34FB-4BB1-9337-DD521B6971B7}.Debug|x64.ActiveCfg = Debug|x64
		{0F7C8970-34FB-4BB1-9337-DD521B6971B7}.Debug|x64.Build.0 = Debug|x64
		{0F7C8970-34FB-4BB1-9337-DD521B6971B7}.Debug|x86.ActiveCfg = Debug|Win32
		{0F7C8970-34FB-4BB1-9337-DD521B6971B7}.Debug|x86.Build.0 = Debug|Win32
		{0F7C8970-34FB-4BB1-9337-DD521B6971B7}.Release|x64.ActiveCfg = Release|x64
		{0F7C8970-34FB-4BB1-9337-DD521B6971B7}.Release|x64.Build.0 = Release|x64
		{0F7C8970-34FB-4BB1-9337-DD521B6971B7}.Release|x86.ActiveCfg = Release|Win32
		{0F7C8970-34FB-4BB1-9337-DD521B6971B7}.Release|x86.Build.0 = Release|Win32
		{4F043BE2-34A1-404F-9EFA-8A58E9D41143}.Debug|x64.ActiveCfg = Debug|x64
		{4F043BE2-34A1-404F-9EFA-8A58E9D41143}.Debug|x64.Build.0 = Debug|x64
		{4F043BE2-34A1-404F-9EFA-8A58E9D41143}.Debug|x86.ActiveCfg = Debug|Win32
		{4F043BE2-34A1-404F-9EFA-8A58E9D41143}.Debug|x86.Build.0 = Debug|Win32
		{4F043BE2-34A1-404F-9EFA-8A58E9D41143}.Release|x64.ActiveCfg = Release|x64
		{4F043BE2-34A1-404F-9EFA-8A58E9D41143}.Release|x64.Build.0 = Release|x64
		{4F043BE2-34A1-404F-9EFA-8A58E9D41143}.Release|x86.ActiveCfg = Release|Win32
		{4F043BE2-34A1-404F-9EFA-8A58E9D41143}.Release|x86.Build.0 = Release|Win32
		{0BC81EA0-F0D1-493B-9722-C9E2171EC9F7}.Debug|x64.ActiveCfg = Debug|x64
		{0BC81EA0-F0D1-493B-9722-C9E2171EC9F7}.Debug|x64.Build.0 = Debug|x64
		{0BC81EA0-F0D1-493B-9722-C9E2171EC9F7}.Debug|x86.ActiveCfg = Debug|Win32
		{0BC81EA0-F0D1-493B-9722-C9E2171EC9F7}.Debug|x86.Build.0 = Debug|Win32
		{0BC81EA0-F0D1-493B-9722-C9E2171EC9F7}.Release|x64.ActiveCfg = Release|x64
		{0BC81EA0-F0D1-493B-9722-C9E2171EC9F7}.Release|x64.Build.0 = Release|x64
		{0BC81EA0-F0D1-493B-9722-C9E2171EC9F7}.Release|x86.ActiveCfg = Release|Win32
		{0BC81EA0-F0D1-493B-9722-C9E2171EC9F7}.Release|x86.Build.0 = Release|Win32
		{9BF541E9-6978-40E3-9A59-15EAB4EF3DF6}.Debug|x64.ActiveCfg = Debug|x64
		{9BF541E9-6978-40E3-9A59-15EAB4EF3DF6}.Debug|x64.Build.0 = Debug|x64
		{9BF541E9-6978-40E3-9A59-15EAB4EF3DF6}.Debug|x86.ActiveCfg = Debug|Win32
		{9BF541E9-6978-40E3-9A59-15EAB4EF3DF6}.Debug|x86.Build.0 = Debug|Win32
		{9BF541E9-6978-40E3-9A59-15EAB4EF3DF6}.Release|x64.ActiveCfg = Release|x64
		{9BF541E9-6978-40E3-9A59-15EAB4EF3DF6}.Release|x64.Build.0 = Release|x64
		{9BF541E9-6978-40E3-9A59-15EAB4EF3DF6}.Release|x86.ActiveCfg = Release|Win32
		{9BF541E9-6978-40E3-9A59-15EAB4EF3DF6}.Release|x86.Build.0 = Release|Win32
		{B42CB40D-BBFE-47CB-8F7F-AAAB24890AA3}.Debug|x64.ActiveCfg = Debug|x64
		{B42CB40D-BBFE-47CB-8F7F-AAAB24890AA3}.Debug|x64.Build.0 = Debug|x64
		{B42CB40D-BBFE-47CB-8F7F-AAAB24890AA3}.Debug|x86.ActiveCfg = Debug|Win32
		{B42CB40D-BBFE-47CB-8F7F-AAAB24890AA3}.Debug|x86.Build.0 = Debug|Win32
		{B42CB40D-BBFE-47CB-8F7F-AAAB24890AA3}.Release|x64.ActiveCfg = Release|x64
		{B42CB40D-BBFE-47CB-8F7F-AAAB24890AA3}.Release|x64.Build.0 = Release|x64
		{B42CB40D-BBFE-47CB-8F7F-AAAB24890AA3}.Release|x86.ActiveCfg = Release|Win32
		{B42CB40D-BBFE-47CB-8F7F-AAAB24890AA3}.Release|x86.Build.0 = Release|Win32
		{401FF7D1-5AA0-4936-AE77-757B00B9AE36}.Debug|x64.ActiveCfg = Debug|x64
		{401FF7D1-5AA0-4936-AE77-757B00B9AE36}.Debug|x64.Build.0 = Debug|x64
		{401FF7D1-5AA0-4936-AE77-757B00B9AE36}.Debug|x86.ActiveCfg = Debug|Win32
		{401FF7D1-5AA0-4936-AE77-757B00B9AE36}.Debug|x86.Build.0 = Debug|Win32
		{401FF7D1-5AA0-4936-AE77-757B00B9AE36}.Release|x64.ActiveCfg = Release|x64
		{401FF7D1-5AA0-4936-AE77-757B00B9AE36}.Release|x64.Build.0 = Release|x64
		{401FF7D1-5AA0-4936-AE77-757B00B9AE36}.Release|x86.ActiveCfg = Release|Win32
		{401FF7D1-5AA0-4936-AE77-757B00B9AE36}.Release|x86.Build.0 = Release|Win32
		{37C01F1D-5639-4CA5-8F49-E2902AFF8071}.Debug|x64.ActiveCfg = Debug|x64
		{37C01F1D-5639-4CA5-8F49-E2902AFF8071}.Debug|x64.Build.0 = Debug|x64
		{37C01F1D-5639-4CA5-8F49-E2902AFF8071}.Debug|x86.ActiveCfg = Debug|Win32
		{37C01F1D-5639-4CA5-8F49-E2902AFF8071}.Debug|x86.Build.0 = Debug|Win32
		{37C01F1D-5639-4CA5-8F49-E2902AFF8071}.Release|x64.ActiveCfg = Release|x64
		{37C01F1D-5639-4CA5-8F49-E2902AFF8071}.Release|x64.Build.0 = Release|x64
		{37C01F1D-5639-4CA5-8F49-E2902AFF8071}.Release|x86.ActiveCfg = Release|Win32
		{37C01F1D-5639-4CA5-8F49-E2902AFF8071}.Release|x86.Build.0 = Release|Win32
		{3CD52C8F-6AC3-40BF-9089-15B9EB006F9F}.Debug|x64.ActiveCfg = Debug|x64
		{3CD52C8F-6AC3-40BF-9089-15B9EB006F9F}.Debug|x64.Build.0 = Debug|x64
		{3CD52C8F-6AC3-40BF-9089-15B9EB006F9F}.Debug|x86.ActiveCfg = Debug|Win32
		{3CD52C8F-6AC3-40BF-9089-15B9EB006F9F}.Debug|x86.Build.0 = Debug|Win32
		{3CD52C8F-6AC3-40BF-9089-15B9EB006F9F}.Release|x64.ActiveCfg = Release|x64
		{3CD52C8F-6AC3-40BF-9089-15B9EB006F9F}.Release|x64.Build.0 = Release|x64
		{3CD52C8F-6AC3-40BF-9089-15B9EB006F9F}.Release|x86.ActiveCfg = Release|Win32
		{3CD52C8F-6AC3-40BF-9089-15B9EB006F9F}.Release|x86.Build.0 = Release|Win32
		{B938788F-CF4C-4BBB-AEAC-6F178259777A}.Debug|x64.ActiveCfg = Debug|x64
		{B938788F-CF4C-4BBB-AEAC-6F178259777A}.Debug|x64.Build.0 = Debug|x64
		{B938788F-CF4C-4BBB-AEAC-6F178259777A}.Debug|x86.ActiveCfg = Debug|Win32
		{B938788F-CF4C-4BBB-AEAC-6F178259777A}.Debug|x86.Build.0 = Debug|Win32
		{B938788F-CF4C-4BBB-AEAC-6F178259777A}.Release|x64.ActiveCfg = Release|x64
		{B938788F-CF4C-4BBB-AEAC-6F178259777A}.Release|x64.Build.0 = Release|x64
		{B938788F-CF4C-4BBB-AEAC-6F178259777A}.Release|x86.ActiveCfg = Release|Win32
		{B938788F-CF4C-4BBB-AEAC-6F178259777A}.Release|x86.Build.0 = Release|Win32
		{04987A14-A1BD-4A0D-8BEC-377EBE0FA9D5}.Debug|x64.ActiveCfg = Debug|x64
		{04987A14-A1BD-4A0D-8BEC-377EBE0FA9D5}.Debug|x64.Build.0 = Debug|x64
		{04987A14-A1BD-4A0D-8BEC-377EBE0FA9D5}.Debug|x86.ActiveCfg = Debug|Win32
		{04987A14-A1BD-4A0D-8BEC-377EBE0FA9D5}.Debug|x86.Build.0 = Debug|Win32
		{04987A14-A1BD-4A0D-8BEC-377EBE0FA9D5}.Release|x64.ActiveCfg = Release|x64
		{04987A14-A1BD-4A0D-8BEC-377EBE0FA9D5}.Release|x64.Build.0 = Release|x64
		{04987A14-A1BD-4A0D-8BEC-377EBE0FA9D5}.Release|x86.ActiveCfg = Release|Win32
		{04987A14-A1BD-4A0D-8BEC-377EBE0FA9D5}.Release|x86.Build.0 = Release|Win32
		{B07200A0-AA89-4070-A8F9-0927AC3914CC}.Debug|x64.ActiveCfg = Debug|x64
		{B07200A0-AA89-4070-A8F9-0927AC3914CC}.Debug|x64.Build.0 = Debug|x64
		{B07200A0-AA89-4070-A8F9-0927AC3914CC}.Debug|x86.ActiveCfg = Debug|Win32
		{B07200A0-AA89-4070-A8F9-0927AC3914CC}.Debug|x86.Build.0 = Debug|Win32
		{B07200A0-AA89-4070-A8F9-0927AC3914CC}.Release|x64.ActiveCfg = Release|x64
		{B07200A0-AA89-4070-A8F9-0927AC3914CC}.Release|x64.Build.0 = Release|x64
		{B07200A0-AA89-4070-A8F9-0927AC3914CC}.Release|x86.ActiveCfg = Release|Win32
		{B07200A0-AA89-4070-A8F9-0927AC3914CC}.Release|x86.Build.0 = Release|Win32
		{C02958F7-6CB5-4BDC-A85A-DDF5424BFC6B}.Debug|x64.ActiveCfg = Debug|x64
		{C02958F7-6CB5-4BDC-A85A-DDF5424BFC6B}.Debug|x64.Build.0 = Debug|x64
		{C02958F7-6CB5-4BDC-A85A-DDF5424BFC6B}.Debug|x86.ActiveCfg = Debug|Win32
		{C02958F7-6CB5-4BDC-A85A-DDF5424BFC6B}.Debug|x86.Build.0 = Debug|Win32
		{C02958F7-6CB5-4BDC-A85A-DDF5424BFC6B}.Release|x64.ActiveCfg = Release|x64
		{C02958F7-6CB5-4BDC-A85A-DDF5424BFC6B}.Release|x64.Build.0 = Release|x64
		{C02958F7-6CB5-4BDC-A85A-DDF5424BFC6B}.Release|x86.ActiveCfg = Release|Win32
		{C02958F7-6CB5-4BDC-A85A-DDF5424BFC6B}.Release|x86.Build.0 = Release|Win32
		{CB5ECEE0-0F7F-4644-86EB-9C39C0490C05}.Debug|x64.ActiveCfg = Debug|x64
		{CB5ECEE0-0F7F-4644-86EB-9C39C0490C05}.Debug|x64.Build.0 = Debug|x64
		{CB5ECEE0-0F7F-4644-86EB-9C39C0490C05}.Debug|x86.ActiveCfg = Debug|Win32
		{CB5ECEE0-0F7F-4644-86EB-9C39C0490C05}.Debug|x86.Build.0 = Debug|Win32
		{CB5ECEE0-0F7F-4644-86EB-9C39C0490C05}.Release|x64.ActiveCfg = Release|x64
		{CB5ECEE0-0F7F-4644-86EB-9C39C0490C05}.Release|x64.Build.0 = Release|x64
		{CB5ECEE0-0F7F-4644-86EB-9C39C0490C05}.Release|x86.ActiveCfg = Release|Win32
		{CB5ECEE0-0F7F-4644-86EB-9C39C0490C05}.Release|x86.Build.0 = Release|Win32
		{7DEEA697-383C-4C7E-B599-ECC65AA361B9}.Debug|x64.ActiveCfg = Debug|x64
		{7DEEA697-383C-4C7E-B599-ECC65AA361B9}.Debug|x64.Build.0 = Debug|x64
		{7DEEA697-383C-4C7E-B599-ECC65AA361B9}.Debug|x86.ActiveCfg = Debug|Win32
		{7DEEA697-383C-4C7E-B599-ECC65AA361B9}.Debug|x86.Build.0 = Debug|Win32
		{7DEEA697-383C-4C7E-B599-ECC65AA361B9}.Release|x64.ActiveCfg = Release|x64
		{7DEEA697-383C-4C7E-B599-ECC65AA361B9}.Release|x64.Build.0 = Release|x64
		{7DEEA697-383C-4C7E-B599-ECC65AA361B9}.Release|x86.ActiveCfg = Release|Win32
		{7DEEA697-383C-4C7E-B599-ECC65AA361B9}.Release|x86.Build.0 = Release|Win32
		{D66F2BBD-A60E-4BE2-810C-1B8A9240B382}.Debug|x64.ActiveCfg = Debug|x64
		{D66F2BBD-A60E-4BE2-810C-1B8A9240B382}.Debug|x64.Build.0 = Debug|x64
		{D66F2BBD-A60E-4BE2-810C-1B8A9240B382}.Debug|x86.ActiveCfg = Debug|Win32
		{D66F2BBD-A60E-4BE2-810C-1B8A9240B382}.Debug|x86.Build.0 = Debug|Win32
		{D66F2BBD-A60E-4BE2-810C-1B8A9240B382}.Release|x64.ActiveCfg = Release|x64
		{D66F2BBD-A60E-4BE2-810C-1B8A9240B382}.Release|x64.Build.0 = Release|x64
		{D66F2BBD-A60E-4BE2-810C-1B8A9240B382}.Release|x86.ActiveCfg = Release|Win32
		{D66F2BBD-A60E-4BE2-810C-1B8A9240B382}.Release|x86.Build.0 = Release|Win32
		{24ECF80A-18AA-4634-A380-FFAB15CC3666}.Debug|x64.ActiveCfg = Debug|x64
		{24ECF80A-18AA-4634-A380-FFAB15CC3666}.Debug|x64.Build.0 = Debug|x64
		{24ECF80A-18AA-4634-A380-FFAB15CC3666}.Debug|x86.ActiveCfg = Debug|Win32
		{24ECF80A-18AA-4634-A380-FFAB15CC3666}.Debug|x86.Build.0 = Debug|Win32
		{24ECF80A-18AA-4634-A380-FFAB15CC3666}.Release|x64.ActiveCfg = Release|x64
		{24ECF80A-18AA-4634-A380-FFAB15CC3666}.Release|x64.Build.0 = Release|x64
		{24ECF80A-18AA-4634-A380-FFAB15CC3666}.Release|x86.ActiveCfg = Release|Win32
		{24ECF80A-18AA-4634-A380-FFAB15CC3666}.Release|x86.Build.0 = Release|Win32
		{0A2F63E7-1CBB-4766-8509-396B4AC5681E}.Debug|x64.ActiveCfg = Debug|x64
		{0A2F63E7-1CBB-4766-8509-396B4AC5681E}.Debug|x64.Build.0 = Debug|x64
		{0A2F63E7-1CBB-4766-8509-396B4AC5681E}.Debug|x86.ActiveCfg = Debug|Win32
		{0A2F63E7-1CBB-4766-8509-396B4AC5681E}.Debug|x86.Build.0 = Debug|Win32
		{0A2F63E7-1CBB-4766-8509-396B4AC5681E}.Release|x64.ActiveCfg = Release|x64
		{0A2F63E7-1CBB-4766-8509-396B4AC5681E}.Release|x64.Build.0 = Release|x64
		{0A2F63E7-1CBB-4766-8509-396B4AC5681E}.Release|x86.ActiveCfg = Release|Win32
		{0A2F63E7-1CBB-4766-8509-396B4AC5681E}.Release|x86.Build.0 = Release|Win32
	EndGlobalSection
	GlobalSection(SolutionProperties) = preSolution
		HideSolutionNode = FALSE
	EndGlobalSection
EndGlobal
